
Microsoft Visual Studio Solution File, Format Version 12.00
# Visual Studio 15
VisualStudioVersion = 15.0.28010.2046
MinimumVisualStudioVersion = 10.0.40219.1
Project("{FAE04EC0-301F-11D3-BF4B-00C04F79EFBC}") = "Dijkstra", "Dijkstra\Dijkstra.csproj", "{28A88E8F-EE00-4E2A-B440-7729C2897232}"
EndProject
Global
	GlobalSection(SolutionConfigurationPlatforms) = preSolution
		Debug|Any CPU = Debug|Any CPU
		Release|Any CPU = Release|Any CPU
	EndGlobalSection
	GlobalSection(ProjectConfigurationPlatforms) = postSolution
		{28A88E8F-EE00-4E2A-B440-7729C2897232}.Debug|Any CPU.ActiveCfg = Debug|Any CPU
		{28A88E8F-EE00-4E2A-B440-7729C2897232}.Debug|Any CPU.Build.0 = Debug|Any CPU
		{28A88E8F-EE00-4E2A-B440-7729C2897232}.Release|Any CPU.ActiveCfg = Release|Any CPU
		{28A88E8F-EE00-4E2A-B440-7729C2897232}.Release|Any CPU.Build.0 = Release|Any CPU
	EndGlobalSection
	GlobalSection(SolutionProperties) = preSolution
		HideSolutionNode = FALSE
	EndGlobalSection
	GlobalSection(ExtensibilityGlobals) = postSolution
		SolutionGuid = {62A327C6-4040-419F-B422-229EA97C1683}
	EndGlobalSection
EndGlobal
